PODS:
  - Alamofire (4.8.2)
  - Kingfisher (5.7.0)

DEPENDENCIES:
  - Alamofire
  - Kingfisher

SPEC REPOS:
  https://github.com/cocoapods/specs.git:
    - Alamofire
    - Kingfisher

SPEC CHECKSUMS:
  Alamofire: ae5c501addb7afdbb13687d7f2f722c78734c2d3
  Kingfisher: c7d211b54f1f30d8060aadab177d52b4349c825b

PODFILE CHECKSUM: 9eccf494cc3487c87dba2f3472a64f167a8e9b1b

COCOAPODS: 1.6.0
